{"name":"permasurvey-flightops","version":"0.1.0","lockfileVersion":3,"requires":true,"packages":{"":{"name":"permasurvey-flightops","version":"0.1.0","dependencies":{"@vitejs/plugin-react":"latest","react":"latest","react-dom":"latest","typescript":"latest","vite":"latest"},"devDependencies":{"@testing-library/jest-dom":"latest","@testing-library/react":"latest","@types/react":"latest","@types/react-dom":"latest","jsdom":"latest","vitest":"latest"}},"node_modules/@adobe/css-tools":{"version":"4.4.4","resolved":"https://registry.npmjs.org/@adobe/css-tools/-/css-tools-4.4.4.tgz","integrity":"sha512-Elp+iwUx5rN5+Y8xLt5/GRoG20WGoDCQ/1Fb+1LiGtvwbDavuSk0jhD/eZdckHAuzcDzccnkv+rEjyWfRx18gg==","dev":true,"license":"MIT"},"node_modules/@asamuzakjp/css-color":{"version":"4.0.4","resolved":"https://registry.npmjs.org/@asamuzakjp/css-color/-/css-color-4.0.4.tgz","integrity":"sha512-cKjSKvWGmAziQWbCouOsFwb14mp1betm8Y7Fn+yglDMUUu3r9DCbJ9iJbeFDenLMqFbIMC0pQP8K+B8LAxX3OQ==","dev":true,"license":"MIT","dependencies":{"@csstools/css-calc":"^2.1.4","@csstools/css-color-parser":"^3.1.0","@csstools/css-parser-algorithms":"^3.0.5","@csstools/css-tokenizer":"^3.0.4","lru-cache":"^11.2.2"}},"node_modules/@asamuzakjp/dom-selector":{"version":"6.7.4","resolved":"https://registry.npmjs.org/@asamuzakjp/dom-selector/-/dom-selector-6.7.4.tgz","integrity":"sha512-RNSNk1dnB8lAn+xdjlRoM4CzdVrHlmXZtSXAWs2jyl4PiBRWqTZr9ML5M710qgd9RPTBsVG6P0SLy7dwy0Foig==","dev":true,"license":"MIT","dependencies":{"@asamuzakjp/nwsapi":"^2.3.9","bidi-js":"^1.0.3","css-tree":"^3.1.0","is-potential-custom-element-name":"^1.0.1","lru-cache":"^11.2.2"}},"node_modules/@asamuzakjp/nwsapi":{"version":"2.3.9","resolved":"https://registry.npmjs.org/@asamuzakjp/nwsapi/-/nwsapi-2.3.9.tgz","integrity":"sha512-n8GuYSrI9bF7FFZ/SjhwevlHc8xaVlb/7HmHelnc/PZXBD2ZR49NnN9sMMuDdEGPeeRQ5d0hqlSlEpgCX3Wl0Q==","dev":true,"license":"MIT"},"node_modules/@babel/code-frame":{"version":"7.27.1","resolved":"https://registry.npmjs.org/@babel/code-frame/-/code-frame-7.27.1.tgz","integrity":"sha512-cjQ7ZlQ0Mv3b47hABuTevyTuYN4i+loJKGeV9flcCgIK37cCXRh+L1bd3iBHlynerhQ7BhCkn2BPbQUL+rGqFg==","license":"MIT","dependencies":{"@babel/helper-validator-identifier":"^7.27.1","js-tokens":"^4.0.0","picocolors":"^1.1.1"},"engines":{"node":">=6.9.0"}},"node_modules/@babel/compat-data":{"version":"7.28.5","resolved":"https://registry.npmjs.org/@babel/compat-data/-/compat-data-7.28.5.tgz","integrity":"sha512-nyvTjKqQ3GLCGRz4WZBebhyEw/GJ8fjEHQrd6PuwGgTJC19Lai+X+yiA/Hf9z6+Di1pB0GXcVbe8tKo2SWcPPw==","license":"MIT","engines":{"node":">=6.9.0"}},"node_modules/@babel/core":{"version":"7.28.5","resolved":"https://registry.npmjs.org/@babel/core/-/core-7.28.5.tgz","integrity":"sha512-A6OTQ7o58P7A0FmEm0QEiM5LvLZ/zOPHAJdGLiNUF6Z3r/7HUeK8ItvXnNl1b8b/nOKCRVDMwsz4nmmxrcfQ2w==","license":"MIT","dependencies":{"@babel/code-frame":"^7.27.1","@babel/generator":"^7.28.5","@babel/helper-compilation-targets":"^7.27.2","@babel/helper-module-transforms":"^7.28.3","@babel/helpers":"^7.28.4","@babel/parser":"^7.28.5","@babel/template":"^7.27.2","@babel/traverse":"^7.28.5","@babel/types":"^7.28.5","@jridgewell/remapping":"^2.3.5","convert-source-map":"^2.0.0","debug":"^4.1.0","gensync":"^1.0.0-beta.2","json5":"^2.2.3","semver":"^6.3.1"},"engines":{"node":">=6.9.0"},"funding":{"type":"opencollective","url":"https://opencollective.com/babel"}}}